Microsoft Visual Studio Solution File, Format Version 12.00
# Visual Studio Version 17
VisualStudioVersion = 17.5.2.0
MinimumVisualStudioVersion = 10.0.40219.1
Project("{FAE04EC0-301F-11D3-BF4B-00C04F79EFBC}") = "TaskApiV2", "TaskApiV2.csproj", "{3339C210-2C54-9624-BF1E-C742D0FBF1FB}"
EndProject
Global
	GlobalSection(SolutionConfigurationPlatforms) = preSolution
		Debug|Any CPU = Debug|Any CPU
		Release|Any CPU = Release|Any CPU
	EndGlobalSection
	GlobalSection(ProjectConfigurationPlatforms) = postSolution
		{3339C210-2C54-9624-BF1E-C742D0FBF1FB}.Debug|Any CPU.ActiveCfg = Debug|Any CPU
		{3339C210-2C54-9624-BF1E-C742D0FBF1FB}.Debug|Any CPU.Build.0 = Debug|Any CPU
		{3339C210-2C54-9624-BF1E-C742D0FBF1FB}.Release|Any CPU.ActiveCfg = Release|Any CPU
		{3339C210-2C54-9624-BF1E-C742D0FBF1FB}.Release|Any CPU.Build.0 = Release|Any CPU
	EndGlobalSection
	GlobalSection(SolutionProperties) = preSolution
		HideSolutionNode = FALSE
	EndGlobalSection
	GlobalSection(ExtensibilityGlobals) = postSolution
		SolutionGuid = {35493BF7-CA15-419E-9DA9-066BCEB70087}
	EndGlobalSection
EndGlobal
